
Microsoft Visual Studio Solution File, Format Version 12.00
Project("{FAE04EC0-301F-11D3-BF4B-00C04F79EFBC}") = "PickFileService", "PickFileService\PickFileService.csproj", "{7BDE267E-B496-43F7-8863-8636F0CDDDBC}"
EndProject
Global
	GlobalSection(SolutionConfigurationPlatforms) = preSolution
		Debug|Any CPU = Debug|Any CPU
		Release|Any CPU = Release|Any CPU
	EndGlobalSection
	GlobalSection(ProjectConfigurationPlatforms) = postSolution
		{7BDE267E-B496-43F7-8863-8636F0CDDDBC}.Debug|Any CPU.ActiveCfg = Debug|Any CPU
		{7BDE267E-B496-43F7-8863-8636F0CDDDBC}.Debug|Any CPU.Build.0 = Debug|Any CPU
		{7BDE267E-B496-43F7-8863-8636F0CDDDBC}.Release|Any CPU.ActiveCfg = Release|Any CPU
		{7BDE267E-B496-43F7-8863-8636F0CDDDBC}.Release|Any CPU.Build.0 = Release|Any CPU
	EndGlobalSection
EndGlobal
